
Microsoft Visual Studio Solution File, Format Version 12.00
# Visual Studio 2013
VisualStudioVersion = 12.0.30324.0
MinimumVisualStudioVersion = 10.0.40219.1
Project("{2150E333-8FDC-42A3-9474-1A3956D46DE8}") = ".paket", ".paket", "{C4DC1BC0-F9A3-4096-A3E9-05998FAF8C46}"
	ProjectSection(SolutionItems) = preProject
		paket.dependencies = paket.dependencies
	EndProjectSection
EndProject
Project("{F2A71F9B-5D33-465A-A702-920D77279786}") = "SuaveMusicStore", "SuaveMusicStore.fsproj", "{55A87122-250E-4CD8-96E2-70EDFBFAEFE5}"
EndProject
Global
	GlobalSection(SolutionConfigurationPlatforms) = preSolution
		Debug|Any CPU = Debug|Any CPU
		Release|Any CPU = Release|Any CPU
	EndGlobalSection
	GlobalSection(ProjectConfigurationPlatforms) = postSolution
		{55A87122-250E-4CD8-96E2-70EDFBFAEFE5}.Debug|Any CPU.ActiveCfg = Debug|Any CPU
		{55A87122-250E-4CD8-96E2-70EDFBFAEFE5}.Debug|Any CPU.Build.0 = Debug|Any CPU
		{55A87122-250E-4CD8-96E2-70EDFBFAEFE5}.Release|Any CPU.ActiveCfg = Release|Any CPU
		{55A87122-250E-4CD8-96E2-70EDFBFAEFE5}.Release|Any CPU.Build.0 = Release|Any CPU
	EndGlobalSection
	GlobalSection(SolutionProperties) = preSolution
		HideSolutionNode = FALSE
	EndGlobalSection
EndGlobal
